// !$*UTF8*$!
{
	archiveVersion = 1;
	classes = {
	};
	objectVersion = 46;
	objects = {

/* Begin PBXBuildFile section */
		63BE308B1A77064C008B32F4 /* AppDelegate.swift in Sources */ = {isa = PBXBuildFile; fileRef = 63BE308A1A77064C008B32F4 /* AppDelegate.swift */; };
		63BE308D1A77064C008B32F4 /* ViewController.swift in Sources */ = {isa = PBXBuildFile; fileRef = 63BE308C1A77064C008B32F4 /* ViewController.swift */; };
		63BE30901A77064C008B32F4 /* Main.storyboard in Resources */ = {isa = PBXBuildFile; fileRef = 63BE308E1A77064C008B32F4 /* Main.storyboard */; };
		63BE30921A77064C008B32F4 /* Images.xcassets in Resources */ = {isa = PBXBuildFile; fileRef = 63BE30911A77064C008B32F4 /* Images.xcassets */; };
		63BE30951A77064C008B32F4 /* LaunchScreen.xib in Resources */ = {isa = PBXBuildFile; fileRef = 63BE30931A77064C008B32F4 /* LaunchScreen.xib */; };
		63BE30A11A77064C008B32F4 /* timerswiftTests.swift in Sources */ = {isa = PBXBuildFile; fileRef = 63BE30A01A77064C008B32F4 /* timerswiftTests.swift */; };
/* End PBXBuildFile section */

/* Begin PBXContainerItemProxy section */
		63BE309B1A77064C008B32F4 /* PBXContainerItemProxy */ = {
			isa = PBXContainerItemProxy;
			containerPortal = 63BE307D1A77064C008B32F4 /* Project object */;
			proxyType = 1;
			remoteGlobalIDString = 63BE30841A77064C008B32F4;
			remoteInfo = timerswift;
		};
/* End PBXContainerItemProxy section */

/* Begin PBXFileReference section */
		63BE30851A77064C008B32F4 /* timerswift.app */ = {isa = PBXFileReference; explicitFileType = wrapper.application; includeInIndex = 0; path = timerswift.app; sourceTree = BUILT_PRODUCTS_DIR; };
		63BE30891A77064C008B32F4 /* Info.plist */ = {isa = PBXFileReference; lastKnownFileType = text.plist.xml; path = Info.plist; sourceTree = "<group>"; };
		63BE308A1A77064C008B32F4 /* AppDelegate.swift */ = {isa = PBXFileReference; lastKnownFileType = sourcecode.swift; path = AppDelegate.swift; sourceTree = "<group>"; };
		63BE308C1A77064C008B32F4 /* ViewController.swift */ = {isa = PBXFileReference; lastKnownFileType = sourcecode.swift; path = ViewController.swift; sourceTree = "<group>"; };
		63BE308F1A77064C008B32F4 /* Base */ = {isa = PBXFileReference; lastKnownFileType = file.storyboard; name = Base; path = Base.lproj/Main.storyboard; sourceTree = "<group>"; };
		63BE30911A77064C008B32F4 /* Images.xcassets */ = {isa = PBXFileReference; lastKnownFileType = folder.assetcatalog; path = Images.xcassets; sourceTree = "<group>"; };
		63BE30941A77064C008B32F4 /* Base */ = {isa = PBXFileReference; lastKnownFileType = file.xib; name = Base; path = Base.lproj/LaunchScreen.xib; sourceTree = "<group>"; };
		63BE309A1A77064C008B32F4 /* timerswiftTests.xctest */ = {isa = PBXFileReference; explicitFileType = wrapper.cfbundle; includeInIndex = 0; path = timerswiftTests.xctest; sourceTree = BUILT_PRODUCTS_DIR; };
		63BE309F1A77064C008B32F4 /* Info.plist */ = {isa = PBXFileReference; lastKnownFileType = text.plist.xml; path = Info.plist; sourceTree = "<group>"; };
		63BE30A01A77064C008B32F4 /* timerswiftTests.swift */ = {isa = PBXFileReference; lastKnownFileType = sourcecode.swift; path = timerswiftTests.swift; sourceTree = "<group>"; };
/* End PBXFileReference section */

/* Begin PBXFrameworksBuildPhase section */
		63BE30821A77064C008B32F4 /* Frameworks */ = {
			isa = PBXFrameworksBuildPhase;
			buildActionMask = 2147483647;
			files = (
			);
			runOnlyForDeploymentPostprocessing = 0;
		};
		63BE30971A77064C008B32F4 /* Frameworks */ = {
			isa = PBXFrameworksBuildPhase;
			buildActionMask = 2147483647;
			files = (
			);
			runOnlyForDeploymentPostprocessing = 0;
		};
/* End PBXFrameworksBuildPhase section */

/* Begin PBXGroup section */
		63BE307C1A77064C008B32F4 = {
			isa = PBXGroup;
			children = (
				63BE30871A77064C008B32F4 /* timerswift */,
				63BE309D1A77064C008B32F4 /* timerswiftTests */,
				63BE30861A77064C008B32F4 /* Products */,
			);
			sourceTree = "<group>";
		};
		63BE30861A77064C008B32F4 /* Products */ = {
			isa = PBXGroup;
			children = (
				63BE30851A77064C008B32F4 /* timerswift.app */,
				63BE309A1A77064C008B32F4 /* timerswiftTests.xctest */,
			);
			name = Products;
			sourceTree = "<group>";
		};
		63BE30871A77064C008B32F4 /* timerswift */ = {
			isa = PBXGroup;
			children = (
				63BE308A1A77064C008B32F4 /* AppDelegate.swift */,
				63BE308C1A77064C008B32F4 /* ViewController.swift */,
				63BE308E1A77064C008B32F4 /* Main.storyboard */,
				63BE30911A77064C008B32F4 /* Images.xcassets */,
				63BE30931A77064C008B32F4 /* LaunchScreen.xib */,
				63BE30881A77064C008B32F4 /* Supporting Files */,
			);
			path = timerswift;
			sourceTree = "<group>";
		};
		63BE30881A77064C008B32F4 /* Supporting Files */ = {
			isa = PBXGroup;
			children = (
				63BE30891A77064C008B32F4 /* Info.plist */,
			);
			name = "Supporting Files";
			sourceTree = "<group>";
		};
		63BE309D1A77064C008B32F4 /* timerswiftTests */ = {
			isa = PBXGroup;
			children = (
				63BE30A01A77064C008B32F4 /* timerswiftTests.swift */,
				63BE309E1A77064C008B32F4 /* Supporting Files */,
			);
			path = timerswiftTests;
			sourceTree = "<group>";
		};
		63BE309E1A77064C008B32F4 /* Supporting Files */ = {
			isa = PBXGroup;
			children = (
				63BE309F1A77064C008B32F4 /* Info.plist */,
			);
			name = "Supporting Files";
			sourceTree = "<group>";
		};
/* End PBXGroup section */

/* Begin PBXNativeTarget section */
		63BE30841A77064C008B32F4 /* timerswift */ = {
			isa = PBXNativeTarget;
			buildConfigurationList = 63BE30A41A77064C008B32F4 /* Build configuration list for PBXNativeTarget "timerswift" */;
			buildPhases = (
				63BE30811A77064C008B32F4 /* Sources */,
				63BE30821A77064C008B32F4 /* Frameworks */,
				63BE30831A77064C008B32F4 /* Resources */,
			);
			buildRules = (
			);
			dependencies = (
			);
			name = timerswift;
			productName = timerswift;
			productReference = 63BE30851A77064C008B32F4 /* timerswift.app */;
			productType = "com.apple.product-type.application";
		};
		63BE30991A77064C008B32F4 /* timerswiftTests */ = {
			isa = PBXNativeTarget;
			buildConfigurationList = 63BE30A71A77064C008B32F4 /* Build configuration list for PBXNativeTarget "timerswiftTests" */;
			buildPhases = (
				63BE30961A77064C008B32F4 /* Sources */,
				63BE30971A77064C008B32F4 /* Frameworks */,
				63BE30981A77064C008B32F4 /* Resources */,
			);
			buildRules = (
			);
			dependencies = (
				63BE309C1A77064C008B32F4 /* PBXTargetDependency */,
			);
			name = timerswiftTests;
			productName = timerswiftTests;
			productReference = 63BE309A1A77064C008B32F4 /* timerswiftTests.xctest */;
			productType = "com.apple.product-type.bundle.unit-test";
		};
/* End PBXNativeTarget section */

/* Begin PBXProject section */
		63BE307D1A77064C008B32F4 /* Project object */ = {
			isa = PBXProject;
			attributes = {
				LastUpgradeCheck = 0610;
				ORGANIZATIONNAME = "David Lang";
				TargetAttributes = {
					63BE30841A77064C008B32F4 = {
						CreatedOnToolsVersion = 6.1.1;
					};
					63BE30991A77064C008B32F4 = {
						CreatedOnToolsVersion = 6.1.1;
						TestTargetID = 63BE30841A77064C008B32F4;
					};
				};
			};
			buildConfigurationList = 63BE30801A77064C008B32F4 /* Build configuration list for PBXProject "timerswift" */;
			compatibilityVersion = "Xcode 3.2";
			developmentRegion = English;
			hasScannedForEncodings = 0;
			knownRegions = (
				en,
				Base,
			);
			mainGroup = 63BE307C1A77064C008B32F4;
			productRefGroup = 63BE30861A77064C008B32F4 /* Products */;
			projectDirPath = "";
			projectRoot = "";
			targets = (
				63BE30841A77064C008B32F4 /* timerswift */,
				63BE30991A77064C008B32F4 /* timerswiftTests */,
			);
		};
/* End PBXProject section */

/* Begin PBXResourcesBuildPhase section */
		63BE30831A77064C008B32F4 /* Resources */ = {
			isa = PBXResourcesBuildPhase;
			buildActionMask = 2147483647;
			files = (
				63BE30901A77064C008B32F4 /* Main.storyboard in Resources */,
				63BE30951A77064C008B32F4 /* LaunchScreen.xib in Resources */,
				63BE30921A77064C008B32F4 /* Images.xcassets in Resources */,
			);
			runOnlyForDeploymentPostprocessing = 0;
		};
		63BE30981A77064C008B32F4 /* Resources */ = {
			isa = PBXResourcesBuildPhase;
			buildActionMask = 2147483647;
			files = (
			);
			runOnlyForDeploymentPostprocessing = 0;
		};
/* End PBXResourcesBuildPhase section */

/* Begin PBXSourcesBuildPhase section */
		63BE30811A77064C008B32F4 /* Sources */ = {
			isa = PBXSourcesBuildPhase;
			buildActionMask = 2147483647;
			files = (
				63BE308D1A77064C008B32F4 /* ViewController.swift in Sources */,
				63BE308B1A77064C008B32F4 /* AppDelegate.swift in Sources */,
			);
			runOnlyForDeploymentPostprocessing = 0;
		};
		63BE30961A77064C008B32F4 /* Sources */ = {
			isa = PBXSourcesBuildPhase;
			buildActionMask = 2147483647;
			files = (
				63BE30A11A77064C008B32F4 /* timerswiftTests.swift in Sources */,
			);
			runOnlyForDeploymentPostprocessing = 0;
		};
/* End PBXSourcesBuildPhase section */

/* Begin PBXTargetDependency section */
		63BE309C1A77064C008B32F4 /* PBXTargetDependency */ = {
			isa = PBXTargetDependency;
			target = 63BE30841A77064C008B32F4 /* timerswift */;
			targetProxy = 63BE309B1A77064C008B32F4 /* PBXContainerItemProxy */;
		};
/* End PBXTargetDependency section */

/* Begin PBXVariantGroup section */
		63BE308E1A77064C008B32F4 /* Main.storyboard */ = {
			isa = PBXVariantGroup;
			children = (
				63BE308F1A77064C008B32F4 /* Base */,
			);
			name = Main.storyboard;
			sourceTree = "<group>";
		};
		63BE30931A77064C008B32F4 /* LaunchScreen.xib */ = {
			isa = PBXVariantGroup;
			children = (
				63BE30941A77064C008B32F4 /* Base */,
			);
			name = LaunchScreen.xib;
			sourceTree = "<group>";
		};
/* End PBXVariantGroup section */

/* Begin XCBuildConfiguration section */
		63BE30A21A77064C008B32F4 /* Debug */ = {
			isa = XCBuildConfiguration;
			buildSettings = {
				ALWAYS_SEARCH_USER_PATHS = NO;
				CLANG_CXX_LANGUAGE_STANDARD = "gnu++0x";
				CLANG_CXX_LIBRARY = "libc++";
				CLANG_ENABLE_MODULES = YES;
				CLANG_ENABLE_OBJC_ARC = YES;
				CLANG_WARN_BOOL_CONVERSION = YES;
				CLANG_WARN_CONSTANT_CONVERSION = YES;
				CLANG_WARN_DIRECT_OBJC_ISA_USAGE = YES_ERROR;
				CLANG_WARN_EMPTY_BODY = YES;
				CLANG_WARN_ENUM_CONVERSION = YES;
				CLANG_WARN_INT_CONVERSION = YES;
				CLANG_WARN_OBJC_ROOT_CLASS = YES_ERROR;
				CLANG_WARN_UNREACHABLE_CODE = YES;
				CLANG_WARN__DUPLICATE_METHOD_MATCH = YES;
				"CODE_SIGN_IDENTITY[sdk=iphoneos*]" = "iPhone Developer";
				COPY_PHASE_STRIP = NO;
				ENABLE_STRICT_OBJC_MSGSEND = YES;
				GCC_C_LANGUAGE_STANDARD = gnu99;
				GCC_DYNAMIC_NO_PIC = NO;
				GCC_OPTIMIZATION_LEVEL = 0;
				GCC_PREPROCESSOR_DEFINITIONS = (
					"DEBUG=1",
					"$(inherited)",
				);
				GCC_SYMBOLS_PRIVATE_EXTERN = NO;
				GCC_WARN_64_TO_32_BIT_CONVERSION = YES;
				GCC_WARN_ABOUT_RETURN_TYPE = YES_ERROR;
				GCC_WARN_UNDECLARED_SELECTOR = YES;
				GCC_WARN_UNINITIALIZED_AUTOS = YES_AGGRESSIVE;
				GCC_WARN_UNUSED_FUNCTION = YES;
				GCC_WARN_UNUSED_VARIABLE = YES;
				IPHONEOS_DEPLOYMENT_TARGET = 8.1;
				MTL_ENABLE_DEBUG_INFO = YES;
				ONLY_ACTIVE_ARCH = YES;
				SDKROOT = iphoneos;
				SWIFT_OPTIMIZATION_LEVEL = "-Onone";
				TARGETED_DEVICE_FAMILY = "1,2";
			};
			name = Debug;
		};
		63BE30A31A77064C008B32F4 /* Release */ = {
			isa = XCBuildConfiguration;
			buildSettings = {
				ALWAYS_SEARCH_USER_PATHS = NO;
				CLANG_CXX_LANGUAGE_STANDARD = "gnu++0x";
				CLANG_CXX_LIBRARY = "libc++";
				CLANG_ENABLE_MODULES = YES;
				CLANG_ENABLE_OBJC_ARC = YES;
				CLANG_WARN_BOOL_CONVERSION = YES;
				CLANG_WARN_CONSTANT_CONVERSION = YES;
				CLANG_WARN_DIRECT_OBJC_ISA_USAGE = YES_ERROR;
				CLANG_WARN_EMPTY_BODY = YES;
				CLANG_WARN_ENUM_CONVERSION = YES;
				CLANG_WARN_INT_CONVERSION = YES;
				CLANG_WARN_OBJC_ROOT_CLASS = YES_ERROR;
				CLANG_WARN_UNREACHABLE_CODE = YES;
				CLANG_WARN__DUPLICATE_METHOD_MATCH = YES;
				"CODE_SIGN_IDENTITY[sdk=iphoneos*]" = "iPhone Developer";
				COPY_PHASE_STRIP = YES;
				ENABLE_NS_ASSERTIONS = NO;
				ENABLE_STRICT_OBJC_MSGSEND = YES;
				GCC_C_LANGUAGE_STANDARD = gnu99;
				GCC_WARN_64_TO_32_BIT_CONVERSION = YES;
				GCC_WARN_ABOUT_RETURN_TYPE = YES_ERROR;
				GCC_WARN_UNDECLARED_SELECTOR = YES;
				GCC_WARN_UNINITIALIZED_AUTOS = YES_AGGRESSIVE;
				GCC_WARN_UNUSED_FUNCTION = YES;
				GCC_WARN_UNUSED_VARIABLE = YES;
				IPHONEOS_DEPLOYMENT_TARGET = 8.1;
				MTL_ENABLE_DEBUG_INFO = NO;
				SDKROOT = iphoneos;
				TARGETED_DEVICE_FAMILY = "1,2";
				VALIDATE_PRODUCT = YES;
			};
			name = Release;
		};
		63BE30A51A77064C008B32F4 /* Debug */ = {
			isa = XCBuildConfiguration;
			buildSettings = {
				ASSETCATALOG_COMPILER_APPICON_NAME = AppIcon;
				INFOPLIST_FILE = timerswift/Info.plist;
				LD_RUNPATH_SEARCH_PATHS = "$(inherited) @executable_path/Frameworks";
				PRODUCT_NAME = "$(TARGET_NAME)";
			};
			name = Debug;
		};
		63BE30A61A77064C008B32F4 /* Release */ = {
			isa = XCBuildConfiguration;
			buildSettings = {
				ASSETCATALOG_COMPILER_APPICON_NAME = AppIcon;
				INFOPLIST_FILE = timerswift/Info.plist;
				LD_RUNPATH_SEARCH_PATHS = "$(inherited) @executable_path/Frameworks";
				PRODUCT_NAME = "$(TARGET_NAME)";
			};
			name = Release;
		};
		63BE30A81A77064C008B32F4 /* Debug */ = {
			isa = XCBuildConfiguration;
			buildSettings = {
				BUNDLE_LOADER = "$(TEST_HOST)";
				FRAMEWORK_SEARCH_PATHS = (
					"$(SDKROOT)/Developer/Library/Frameworks",
					"$(inherited)",
				);
				GCC_PREPROCESSOR_DEFINITIONS = (
					"DEBUG=1",
					"$(inherited)",
				);
				INFOPLIST_FILE = timerswiftTests/Info.plist;
				LD_RUNPATH_SEARCH_PATHS = "$(inherited) @executable_path/Frameworks @loader_path/Frameworks";
				PRODUCT_NAME = "$(TARGET_NAME)";
				TEST_HOST = "$(BUILT_PRODUCTS_DIR)/timerswift.app/timerswift";
			};
			name = Debug;
		};
		63BE30A91A77064C008B32F4 /* Release */ = {
			isa = XCBuildConfiguration;
			buildSettings = {
				BUNDLE_LOADER = "$(TEST_HOST)";
				FRAMEWORK_SEARCH_PATHS = (
					"$(SDKROOT)/Developer/Library/Frameworks",
					"$(inherited)",
				);
				INFOPLIST_FILE = timerswiftTests/Info.plist;
				LD_RUNPATH_SEARCH_PATHS = "$(inherited) @executable_path/Frameworks @loader_path/Frameworks";
				PRODUCT_NAME = "$(TARGET_NAME)";
				TEST_HOST = "$(BUILT_PRODUCTS_DIR)/timerswift.app/timerswift";
			};
			name = Release;
		};
/* End XCBuildConfiguration section */

/* Begin XCConfigurationList section */
		63BE30801A77064C008B32F4 /* Build configuration list for PBXProject "timerswift" */ = {
			isa = XCConfigurationList;
			buildConfigurations = (
				63BE30A21A77064C008B32F4 /* Debug */,
				63BE30A31A77064C008B32F4 /* Release */,
			);
			defaultConfigurationIsVisible = 0;
			defaultConfigurationName = Release;
		};
		63BE30A41A77064C008B32F4 /* Build configuration list for PBXNativeTarget "timerswift" */ = {
			isa = XCConfigurationList;
			buildConfigurations = (
				63BE30A51A77064C008B32F4 /* Debug */,
				63BE30A61A77064C008B32F4 /* Release */,
			);
			defaultConfigurationIsVisible = 0;
		};
		63BE30A71A77064C008B32F4 /* Build configuration list for PBXNativeTarget "timerswiftTests" */ = {
			isa = XCConfigurationList;
			buildConfigurations = (
				63BE30A81A77064C008B32F4 /* Debug */,
				63BE30A91A77064C008B32F4 /* Release */,
			);
			defaultConfigurationIsVisible = 0;
		};
/* End XCConfigurationList section */
	};
	rootObject = 63BE307D1A77064C008B32F4 /* Project object */;
}
